<?xml version="1.0" encoding="utf-8"?>
<Project ToolsVersion="4.0" xmlns="http://schemas.microsoft.com/developer/msbuild/2003">
  <ItemGroup>
    <Natvis Include="$(SolutionDir)tools\ConsoleTypes.natvis" />
    <Natvis Include="$(MSBuildThisFileDirectory)..\..\natvis\wil.natvis" />
  </ItemGroup>
  <ItemGroup>
    <PRIResource Include="Resources\en-US\Resources.resw" />
  </ItemGroup>
  <ItemGroup>
    <ClCompile Include="pch.cpp" />
    <ClCompile Include="init.cpp" />
    <ClCompile Include="$(GeneratedFilesDir)module.g.cpp" />
    <ClCompile Include="XamlUiaTextRange.cpp" />
    <ClCompile Include="HwndTerminal.cpp" />
    <ClCompile Include="HwndTerminalAutomationPeer.cpp" />
    <ClCompile Include="VimModeProxy.cpp" />
    <ClCompile Include="QuickSelectHandler.cpp" />
    <ClCompile Include="FuzzySearchHandler.cpp" />
  </ItemGroup>
  <ItemGroup>
    <ClInclude Include="pch.h" />
    <ClInclude Include="XamlUiaTextRange.h" />
    <ClInclude Include="HwndTerminal.hpp" />
    <ClInclude Include="HwndTerminalAutomationPeer.hpp" />
    <ClInclude Include="VimModeProxy.h" />
    <ClInclude Include="QuickSelectHandler.h" />
    <ClInclude Include="FuzzySearchHandler.h" />
  </ItemGroup>
  <ItemGroup>
    <Midl Include="ControlCore.idl" />
    <Midl Include="ControlInteractivity.idl" />
    <Midl Include="ScrollBarVisualStateManager.idl" />
    <Midl Include="ICoreState.idl" />
    <Midl Include="KeyChord.idl" />
    <Midl Include="EventArgs.idl" />
    <Midl Include="IKeyBindings.idl" />
    <Midl Include="IControlSettings.idl" />
    <Midl Include="IControlAppearance.idl" />
    <Midl Include="FuzzySearchTextSegment.idl" />
    <Midl Include="XamlLights.idl" />
    <Midl Include="TermControlAutomationPeer.idl" />
    <Midl Include="InteractivityAutomationPeer.idl" />
    <Midl Include="IMouseWheelListener.idl" />
  </ItemGroup>
  <ItemGroup>
    <Page Include="FuzzySearchTextControl.xaml" />
    <Page Include="SearchBoxControl.xaml" />
    <Page Include="FuzzySearchBoxControl.xaml" />
    <Page Include="TermControl.xaml" />
    <Page Include="TSFInputControl.xaml" />
  </ItemGroup>
</Project>